// !$*UTF8*$!
{
	archiveVersion = 1;
	classes = {
	};
	objectVersion = 55;
	objects = {

/* Begin PBXBuildFile section */
		3A10350C29B5F79A00248275 /* CustomButton.swift in Sources */ = {isa = PBXBuildFile; fileRef = 3A10350B29B5F79A00248275 /* CustomButton.swift */; };
		3A25C1E729CCDC490015FB4D /* background.mp4 in Resources */ = {isa = PBXBuildFile; fileRef = 3A25C1E629CCD7B00015FB4D /* background.mp4 */; };
		3A30325E29D4887B00C493F3 /* BackgroundVideoView.swift in Sources */ = {isa = PBXBuildFile; fileRef = 3A30325D29D4887B00C493F3 /* BackgroundVideoView.swift */; };
		3A30326029D48EE300C493F3 /* VideoPlayerView.swift in Sources */ = {isa = PBXBuildFile; fileRef = 3A30325F29D48EE300C493F3 /* VideoPlayerView.swift */; };
		3A30326629D4B9CA00C493F3 /* VideoType.swift in Sources */ = {isa = PBXBuildFile; fileRef = 3A30326529D4B9CA00C493F3 /* VideoType.swift */; };
		3A610D93296892080002158C /* AppCoordinator.swift in Sources */ = {isa = PBXBuildFile; fileRef = 3A610D92296892080002158C /* AppCoordinator.swift */; };
		3A610D95296892480002158C /* FlowAssembly.swift in Sources */ = {isa = PBXBuildFile; fileRef = 3A610D94296892480002158C /* FlowAssembly.swift */; };
		3A610D97296892560002158C /* ServiceAssembly.swift in Sources */ = {isa = PBXBuildFile; fileRef = 3A610D96296892560002158C /* ServiceAssembly.swift */; };
		3A6445EE2968830D00E60BA8 /* R.generated.swift in Sources */ = {isa = PBXBuildFile; fileRef = 3A6445ED2968830D00E60BA8 /* R.generated.swift */; };
		3A82162729C24319004E5BE2 /* FirebaseAuth in Frameworks */ = {isa = PBXBuildFile; productRef = 3A82162629C24319004E5BE2 /* FirebaseAuth */; };
		3A82162929C24319004E5BE2 /* FirebaseDatabase in Frameworks */ = {isa = PBXBuildFile; productRef = 3A82162829C24319004E5BE2 /* FirebaseDatabase */; };
		3A82162B29C24319004E5BE2 /* FirebaseFirestore in Frameworks */ = {isa = PBXBuildFile; productRef = 3A82162A29C24319004E5BE2 /* FirebaseFirestore */; };
		3A82162D29C24319004E5BE2 /* FirebaseStorage in Frameworks */ = {isa = PBXBuildFile; productRef = 3A82162C29C24319004E5BE2 /* FirebaseStorage */; };
		3AB27FA329E72ABA00B19DDD /* Video.swift in Sources */ = {isa = PBXBuildFile; fileRef = 3AB27FA229E72ABA00B19DDD /* Video.swift */; };
		3AB27FA729EEEF6B00B19DDD /* VideoState.swift in Sources */ = {isa = PBXBuildFile; fileRef = 3AB27FA629EEEF6B00B19DDD /* VideoState.swift */; };
		3AC1B83E2922A8B30017B757 /* AppDelegate.swift in Sources */ = {isa = PBXBuildFile; fileRef = 3AC1B83D2922A8B30017B757 /* AppDelegate.swift */; };
		3AC1B8422922A8B30017B757 /* AuthViewController.swift in Sources */ = {isa = PBXBuildFile; fileRef = 3AC1B8412922A8B30017B757 /* AuthViewController.swift */; };
		3AC1B8472922A8B50017B757 /* Assets.xcassets in Resources */ = {isa = PBXBuildFile; fileRef = 3AC1B8462922A8B50017B757 /* Assets.xcassets */; };
		3AC1B84A2922A8B50017B757 /* LaunchScreen.storyboard in Resources */ = {isa = PBXBuildFile; fileRef = 3AC1B8482922A8B50017B757 /* LaunchScreen.storyboard */; };
		3AC2D16129955C49008710BE /* Button.swift in Sources */ = {isa = PBXBuildFile; fileRef = 3AC2D16029955C49008710BE /* Button.swift */; };
		3AC4EEDA299BFD0100F81679 /* AuthState.swift in Sources */ = {isa = PBXBuildFile; fileRef = 3AC4EED9299BFD0100F81679 /* AuthState.swift */; };
		3AC4EEDC299C063600F81679 /* Observable .swift in Sources */ = {isa = PBXBuildFile; fileRef = 3AC4EEDB299C063600F81679 /* Observable .swift */; };
		3AD332DA29AE2F1F0010483D /* SessionService.swift in Sources */ = {isa = PBXBuildFile; fileRef = 3AD332D929AE2F1F0010483D /* SessionService.swift */; };
		3AD370E129C22FD400707B82 /* GoogleService-Info.plist in Resources */ = {isa = PBXBuildFile; fileRef = 3AD370E029C22FD400707B82 /* GoogleService-Info.plist */; };
		3AD370E329C23B7900707B82 /* AuthorizationService.swift in Sources */ = {isa = PBXBuildFile; fileRef = 3AD370E229C23B7900707B82 /* AuthorizationService.swift */; };
		3AD3A92329927BD1007047E4 /* LoginViewController.swift in Sources */ = {isa = PBXBuildFile; fileRef = 3AD3A92229927BD1007047E4 /* LoginViewController.swift */; };
		3AD3A9322993E5B7007047E4 /* Route.swift in Sources */ = {isa = PBXBuildFile; fileRef = 3AD3A9312993E5B7007047E4 /* Route.swift */; };
		3AD74CA629ACB6E0003879AE /* UserDefaultsService.swift in Sources */ = {isa = PBXBuildFile; fileRef = 3AD74CA529ACB6E0003879AE /* UserDefaultsService.swift */; };
		3AD74CAB29ACBA2E003879AE /* Credentials.swift in Sources */ = {isa = PBXBuildFile; fileRef = 3AD74CAA29ACBA2E003879AE /* Credentials.swift */; };
		3AD8659C29D71C680021F440 /* HomeTableViewCell.swift in Sources */ = {isa = PBXBuildFile; fileRef = 3AD8659B29D71C680021F440 /* HomeTableViewCell.swift */; };
		3AD8659E29D7305E0021F440 /* HomeVideoView.swift in Sources */ = {isa = PBXBuildFile; fileRef = 3AD8659D29D7305E0021F440 /* HomeVideoView.swift */; };
		3AE667B329AE7D3200EDE6BF /* UserDataService.swift in Sources */ = {isa = PBXBuildFile; fileRef = 3AE667B229AE7D3200EDE6BF /* UserDataService.swift */; };
		3AE667B629B0E2A300EDE6BF /* ProfileViewModel.swift in Sources */ = {isa = PBXBuildFile; fileRef = 3AE667B529B0E2A300EDE6BF /* ProfileViewModel.swift */; };
		3AE667B829B0E2BF00EDE6BF /* ProfileViewController.swift in Sources */ = {isa = PBXBuildFile; fileRef = 3AE667B729B0E2BF00EDE6BF /* ProfileViewController.swift */; };
		3AE667BA29B0E2CF00EDE6BF /* ProfileAssembly.swift in Sources */ = {isa = PBXBuildFile; fileRef = 3AE667B929B0E2CF00EDE6BF /* ProfileAssembly.swift */; };
		3AE667BC29B0E7CF00EDE6BF /* ProfileCoordinator.swift in Sources */ = {isa = PBXBuildFile; fileRef = 3AE667BB29B0E7CF00EDE6BF /* ProfileCoordinator.swift */; };
		3AEFC6B8296F4EA20002A496 /* AuthViewModel.swift in Sources */ = {isa = PBXBuildFile; fileRef = 3AEFC6B7296F4EA10002A496 /* AuthViewModel.swift */; };
		3AEFC6BA296F4EC30002A496 /* AuthAssembly.swift in Sources */ = {isa = PBXBuildFile; fileRef = 3AEFC6B9296F4EC30002A496 /* AuthAssembly.swift */; };
		3AEFC6BC296F4ED40002A496 /* AuthCoordinator.swift in Sources */ = {isa = PBXBuildFile; fileRef = 3AEFC6BB296F4ED40002A496 /* AuthCoordinator.swift */; };
		3AEFC6BE296F57640002A496 /* Coordinator.swift in Sources */ = {isa = PBXBuildFile; fileRef = 3AEFC6BD296F57640002A496 /* Coordinator.swift */; };
		3AF8C177297EAE6400E5CFB3 /* HomeViewController.swift in Sources */ = {isa = PBXBuildFile; fileRef = 3AF8C176297EAE6400E5CFB3 /* HomeViewController.swift */; };
		3AF8C179297EAE8200E5CFB3 /* HomeViewModel.swift in Sources */ = {isa = PBXBuildFile; fileRef = 3AF8C178297EAE8200E5CFB3 /* HomeViewModel.swift */; };
		3AF8C17B297EAE9600E5CFB3 /* HomeAssembly.swift in Sources */ = {isa = PBXBuildFile; fileRef = 3AF8C17A297EAE9600E5CFB3 /* HomeAssembly.swift */; };
		3AF8C17D297EAEC300E5CFB3 /* HomeCoordinator.swift in Sources */ = {isa = PBXBuildFile; fileRef = 3AF8C17C297EAEC300E5CFB3 /* HomeCoordinator.swift */; };
		C012973BFCCFCFC27EE45C26 /* Pods_AuthorizationApp.framework in Frameworks */ = {isa = PBXBuildFile; fileRef = 34C37A5B1E6B7C507B991B36 /* Pods_AuthorizationApp.framework */; };
/* End PBXBuildFile section */

/* Begin PBXFileReference section */
		27E51FB5CA08460500247BF2 /* Pods-AuthorizationApp.debug.xcconfig */ = {isa = PBXFileReference; includeInIndex = 1; lastKnownFileType = text.xcconfig; name = "Pods-AuthorizationApp.debug.xcconfig"; path = "Target Support Files/Pods-AuthorizationApp/Pods-AuthorizationApp.debug.xcconfig"; sourceTree = "<group>"; };
		34C37A5B1E6B7C507B991B36 /* Pods_AuthorizationApp.framework */ = {isa = PBXFileReference; explicitFileType = wrapper.framework; includeInIndex = 0; path = Pods_AuthorizationApp.framework; sourceTree = BUILT_PRODUCTS_DIR; };
		38A29DDFEA6BA33CC421CAEF /* Pods-AuthorizationApp.release.xcconfig */ = {isa = PBXFileReference; includeInIndex = 1; lastKnownFileType = text.xcconfig; name = "Pods-AuthorizationApp.release.xcconfig"; path = "Target Support Files/Pods-AuthorizationApp/Pods-AuthorizationApp.release.xcconfig"; sourceTree = "<group>"; };
		3A10350B29B5F79A00248275 /* CustomButton.swift */ = {isa = PBXFileReference; lastKnownFileType = sourcecode.swift; path = CustomButton.swift; sourceTree = "<group>"; };
		3A25C1E629CCD7B00015FB4D /* background.mp4 */ = {isa = PBXFileReference; lastKnownFileType = file; path = background.mp4; sourceTree = "<group>"; };
		3A30325D29D4887B00C493F3 /* BackgroundVideoView.swift */ = {isa = PBXFileReference; lastKnownFileType = sourcecode.swift; path = BackgroundVideoView.swift; sourceTree = "<group>"; };
		3A30325F29D48EE300C493F3 /* VideoPlayerView.swift */ = {isa = PBXFileReference; lastKnownFileType = sourcecode.swift; path = VideoPlayerView.swift; sourceTree = "<group>"; };
		3A30326529D4B9CA00C493F3 /* VideoType.swift */ = {isa = PBXFileReference; lastKnownFileType = sourcecode.swift; path = VideoType.swift; sourceTree = "<group>"; };
		3A610D92296892080002158C /* AppCoordinator.swift */ = {isa = PBXFileReference; lastKnownFileType = sourcecode.swift; path = AppCoordinator.swift; sourceTree = "<group>"; };
		3A610D94296892480002158C /* FlowAssembly.swift */ = {isa = PBXFileReference; lastKnownFileType = sourcecode.swift; path = FlowAssembly.swift; sourceTree = "<group>"; };
		3A610D96296892560002158C /* ServiceAssembly.swift */ = {isa = PBXFileReference; lastKnownFileType = sourcecode.swift; path = ServiceAssembly.swift; sourceTree = "<group>"; };
		3A6445ED2968830D00E60BA8 /* R.generated.swift */ = {isa = PBXFileReference; fileEncoding = 4; lastKnownFileType = sourcecode.swift; path = R.generated.swift; sourceTree = "<group>"; };
		3AB27FA229E72ABA00B19DDD /* Video.swift */ = {isa = PBXFileReference; lastKnownFileType = sourcecode.swift; path = Video.swift; sourceTree = "<group>"; };
		3AB27FA629EEEF6B00B19DDD /* VideoState.swift */ = {isa = PBXFileReference; lastKnownFileType = sourcecode.swift; path = VideoState.swift; sourceTree = "<group>"; };
		3AC1B83A2922A8B30017B757 /* AuthorizationApp.app */ = {isa = PBXFileReference; explicitFileType = wrapper.application; includeInIndex = 0; path = AuthorizationApp.app; sourceTree = BUILT_PRODUCTS_DIR; };
		3AC1B83D2922A8B30017B757 /* AppDelegate.swift */ = {isa = PBXFileReference; lastKnownFileType = sourcecode.swift; path = AppDelegate.swift; sourceTree = "<group>"; };
		3AC1B8412922A8B30017B757 /* AuthViewController.swift */ = {isa = PBXFileReference; lastKnownFileType = sourcecode.swift; path = AuthViewController.swift; sourceTree = "<group>"; };
		3AC1B8462922A8B50017B757 /* Assets.xcassets */ = {isa = PBXFileReference; lastKnownFileType = folder.assetcatalog; path = Assets.xcassets; sourceTree = "<group>"; };
		3AC1B8492922A8B50017B757 /* Base */ = {isa = PBXFileReference; lastKnownFileType = file.storyboard; name = Base; path = Base.lproj/LaunchScreen.storyboard; sourceTree = "<group>"; };
		3AC1B84B2922A8B50017B757 /* Info.plist */ = {isa = PBXFileReference; lastKnownFileType = text.plist.xml; path = Info.plist; sourceTree = "<group>"; };
		3AC2D16029955C49008710BE /* Button.swift */ = {isa = PBXFileReference; lastKnownFileType = sourcecode.swift; path = Button.swift; sourceTree = "<group>"; };
		3AC4EED9299BFD0100F81679 /* AuthState.swift */ = {isa = PBXFileReference; lastKnownFileType = sourcecode.swift; path = AuthState.swift; sourceTree = "<group>"; };
		3AC4EEDB299C063600F81679 /* Observable .swift */ = {isa = PBXFileReference; lastKnownFileType = sourcecode.swift; path = "Observable .swift"; sourceTree = "<group>"; };
		3AD332D929AE2F1F0010483D /* SessionService.swift */ = {isa = PBXFileReference; lastKnownFileType = sourcecode.swift; path = SessionService.swift; sourceTree = "<group>"; };
		3AD370E029C22FD400707B82 /* GoogleService-Info.plist */ = {isa = PBXFileReference; fileEncoding = 4; lastKnownFileType = text.plist.xml; path = "GoogleService-Info.plist"; sourceTree = "<group>"; };
		3AD370E229C23B7900707B82 /* AuthorizationService.swift */ = {isa = PBXFileReference; lastKnownFileType = sourcecode.swift; path = AuthorizationService.swift; sourceTree = "<group>"; };
		3AD3A92229927BD1007047E4 /* LoginViewController.swift */ = {isa = PBXFileReference; lastKnownFileType = sourcecode.swift; path = LoginViewController.swift; sourceTree = "<group>"; };
		3AD3A9312993E5B7007047E4 /* Route.swift */ = {isa = PBXFileReference; lastKnownFileType = sourcecode.swift; path = Route.swift; sourceTree = "<group>"; };
		3AD74CA529ACB6E0003879AE /* UserDefaultsService.swift */ = {isa = PBXFileReference; lastKnownFileType = sourcecode.swift; path = UserDefaultsService.swift; sourceTree = "<group>"; };
		3AD74CAA29ACBA2E003879AE /* Credentials.swift */ = {isa = PBXFileReference; lastKnownFileType = sourcecode.swift; path = Credentials.swift; sourceTree = "<group>"; };
		3AD8659B29D71C680021F440 /* HomeTableViewCell.swift */ = {isa = PBXFileReference; lastKnownFileType = sourcecode.swift; path = HomeTableViewCell.swift; sourceTree = "<group>"; };
		3AD8659D29D7305E0021F440 /* HomeVideoView.swift */ = {isa = PBXFileReference; lastKnownFileType = sourcecode.swift; path = HomeVideoView.swift; sourceTree = "<group>"; };
		3AE667B229AE7D3200EDE6BF /* UserDataService.swift */ = {isa = PBXFileReference; lastKnownFileType = sourcecode.swift; path = UserDataService.swift; sourceTree = "<group>"; };
		3AE667B529B0E2A300EDE6BF /* ProfileViewModel.swift */ = {isa = PBXFileReference; lastKnownFileType = sourcecode.swift; path = ProfileViewModel.swift; sourceTree = "<group>"; };
		3AE667B729B0E2BF00EDE6BF /* ProfileViewController.swift */ = {isa = PBXFileReference; lastKnownFileType = sourcecode.swift; path = ProfileViewController.swift; sourceTree = "<group>"; };
		3AE667B929B0E2CF00EDE6BF /* ProfileAssembly.swift */ = {isa = PBXFileReference; lastKnownFileType = sourcecode.swift; path = ProfileAssembly.swift; sourceTree = "<group>"; };
		3AE667BB29B0E7CF00EDE6BF /* ProfileCoordinator.swift */ = {isa = PBXFileReference; lastKnownFileType = sourcecode.swift; path = ProfileCoordinator.swift; sourceTree = "<group>"; };
		3AEFC6B7296F4EA10002A496 /* AuthViewModel.swift */ = {isa = PBXFileReference; lastKnownFileType = sourcecode.swift; path = AuthViewModel.swift; sourceTree = "<group>"; };
		3AEFC6B9296F4EC30002A496 /* AuthAssembly.swift */ = {isa = PBXFileReference; lastKnownFileType = sourcecode.swift; path = AuthAssembly.swift; sourceTree = "<group>"; };
		3AEFC6BB296F4ED40002A496 /* AuthCoordinator.swift */ = {isa = PBXFileReference; lastKnownFileType = sourcecode.swift; path = AuthCoordinator.swift; sourceTree = "<group>"; };
		3AEFC6BD296F57640002A496 /* Coordinator.swift */ = {isa = PBXFileReference; lastKnownFileType = sourcecode.swift; path = Coordinator.swift; sourceTree = "<group>"; };
		3AF8C176297EAE6400E5CFB3 /* HomeViewController.swift */ = {isa = PBXFileReference; lastKnownFileType = sourcecode.swift; path = HomeViewController.swift; sourceTree = "<group>"; };
		3AF8C178297EAE8200E5CFB3 /* HomeViewModel.swift */ = {isa = PBXFileReference; lastKnownFileType = sourcecode.swift; path = HomeViewModel.swift; sourceTree = "<group>"; };
		3AF8C17A297EAE9600E5CFB3 /* HomeAssembly.swift */ = {isa = PBXFileReference; lastKnownFileType = sourcecode.swift; path = HomeAssembly.swift; sourceTree = "<group>"; };
		3AF8C17C297EAEC300E5CFB3 /* HomeCoordinator.swift */ = {isa = PBXFileReference; lastKnownFileType = sourcecode.swift; path = HomeCoordinator.swift; sourceTree = "<group>"; };
/* End PBXFileReference section */

/* Begin PBXFrameworksBuildPhase section */
		3AC1B8372922A8B30017B757 /* Frameworks */ = {
			isa = PBXFrameworksBuildPhase;
			buildActionMask = 2147483647;
			files = (
				3A82162929C24319004E5BE2 /* FirebaseDatabase in Frameworks */,
				3A82162B29C24319004E5BE2 /* FirebaseFirestore in Frameworks */,
				C012973BFCCFCFC27EE45C26 /* Pods_AuthorizationApp.framework in Frameworks */,
				3A82162D29C24319004E5BE2 /* FirebaseStorage in Frameworks */,
				3A82162729C24319004E5BE2 /* FirebaseAuth in Frameworks */,
			);
			runOnlyForDeploymentPostprocessing = 0;
		};
/* End PBXFrameworksBuildPhase section */

/* Begin PBXGroup section */
		3A10350829B5E7AE00248275 /* Components */ = {
			isa = PBXGroup;
			children = (
				3A30326729D4BA0B00C493F3 /* Buttons */,
				3A30326429D4B98000C493F3 /* VideoViews */,
			);
			path = Components;
			sourceTree = "<group>";
		};
		3A25C1E329CCD6C60015FB4D /* LocalVideos */ = {
			isa = PBXGroup;
			children = (
				3A25C1E629CCD7B00015FB4D /* background.mp4 */,
			);
			path = LocalVideos;
			sourceTree = "<group>";
		};
		3A30326429D4B98000C493F3 /* VideoViews */ = {
			isa = PBXGroup;
			children = (
				3A30326529D4B9CA00C493F3 /* VideoType.swift */,
				3A30325F29D48EE300C493F3 /* VideoPlayerView.swift */,
				3A30325D29D4887B00C493F3 /* BackgroundVideoView.swift */,
				3AD8659D29D7305E0021F440 /* HomeVideoView.swift */,
				3AB27FA629EEEF6B00B19DDD /* VideoState.swift */,
			);
			path = VideoViews;
			sourceTree = "<group>";
		};
		3A30326729D4BA0B00C493F3 /* Buttons */ = {
			isa = PBXGroup;
			children = (
				3A10350B29B5F79A00248275 /* CustomButton.swift */,
			);
			path = Buttons;
			sourceTree = "<group>";
		};
		3A610D89296888B90002158C /* AppDelegate */ = {
			isa = PBXGroup;
			children = (
				3AC1B83D2922A8B30017B757 /* AppDelegate.swift */,
			);
			path = AppDelegate;
			sourceTree = "<group>";
		};
		3A610D8A296888EC0002158C /* Assemblies */ = {
			isa = PBXGroup;
			children = (
				3A610D94296892480002158C /* FlowAssembly.swift */,
				3A610D96296892560002158C /* ServiceAssembly.swift */,
			);
			path = Assemblies;
			sourceTree = "<group>";
		};
		3A610D8B296889040002158C /* Coordinator */ = {
			isa = PBXGroup;
			children = (
				3AEFC6BD296F57640002A496 /* Coordinator.swift */,
			);
			path = Coordinator;
			sourceTree = "<group>";
		};
		3A610D8C296889140002158C /* Flow */ = {
			isa = PBXGroup;
			children = (
				3A610D92296892080002158C /* AppCoordinator.swift */,
				3AD3A9312993E5B7007047E4 /* Route.swift */,
				3AC2D16029955C49008710BE /* Button.swift */,
				3A610D90296889B60002158C /* Launch */,
				3A610D91296891EA0002158C /* Auth */,
				3AF8C173297E8D1200E5CFB3 /* Home */,
				3AE667B429B0E26E00EDE6BF /* Profile */,
			);
			path = Flow;
			sourceTree = "<group>";
		};
		3A610D8D296889620002158C /* Resources */ = {
			isa = PBXGroup;
			children = (
				3A25C1E329CCD6C60015FB4D /* LocalVideos */,
				3A610D8E296889820002158C /* Images */,
				3A610D8F296889880002158C /* Plists */,
			);
			path = Resources;
			sourceTree = "<group>";
		};
		3A610D8E296889820002158C /* Images */ = {
			isa = PBXGroup;
			children = (
				3AC1B8462922A8B50017B757 /* Assets.xcassets */,
			);
			path = Images;
			sourceTree = "<group>";
		};
		3A610D8F296889880002158C /* Plists */ = {
			isa = PBXGroup;
			children = (
				3AC1B84B2922A8B50017B757 /* Info.plist */,
				3AD370E029C22FD400707B82 /* GoogleService-Info.plist */,
			);
			path = Plists;
			sourceTree = "<group>";
		};
		3A610D90296889B60002158C /* Launch */ = {
			isa = PBXGroup;
			children = (
				3AC1B8482922A8B50017B757 /* LaunchScreen.storyboard */,
			);
			path = Launch;
			sourceTree = "<group>";
		};
		3A610D91296891EA0002158C /* Auth */ = {
			isa = PBXGroup;
			children = (
				3AC4EED9299BFD0100F81679 /* AuthState.swift */,
				3AC1B8412922A8B30017B757 /* AuthViewController.swift */,
				3AEFC6B7296F4EA10002A496 /* AuthViewModel.swift */,
				3AEFC6B9296F4EC30002A496 /* AuthAssembly.swift */,
				3AEFC6BB296F4ED40002A496 /* AuthCoordinator.swift */,
				3AD3A9202992795A007047E4 /* Login */,
			);
			path = Auth;
			sourceTree = "<group>";
		};
		3A6445EB296881EF00E60BA8 /* Source */ = {
			isa = PBXGroup;
			children = (
				3A6445EC296881F900E60BA8 /* Generated */,
				3A610D89296888B90002158C /* AppDelegate */,
				3A610D8A296888EC0002158C /* Assemblies */,
				3A610D8B296889040002158C /* Coordinator */,
				3A610D8C296889140002158C /* Flow */,
				3AC4EEDD299C067E00F81679 /* Binding */,
				3AB0D23629894F250073C5E8 /* Logic */,
				3AD74CA929ACBA02003879AE /* Models */,
				3A10350829B5E7AE00248275 /* Components */,
			);
			path = Source;
			sourceTree = "<group>";
		};
		3A6445EC296881F900E60BA8 /* Generated */ = {
			isa = PBXGroup;
			children = (
				3A6445ED2968830D00E60BA8 /* R.generated.swift */,
			);
			path = Generated;
			sourceTree = "<group>";
		};
		3AB0D23629894F250073C5E8 /* Logic */ = {
			isa = PBXGroup;
			children = (
				3AD370DF29C22F1700707B82 /* AuthenticatorService */,
				3AD332D829AE2F060010483D /* SessionService */,
				3AD74CA429ACB6A9003879AE /* UserDefaults */,
			);
			path = Logic;
			sourceTree = "<group>";
		};
		3AC1B8312922A8B30017B757 = {
			isa = PBXGroup;
			children = (
				3AC1B83C2922A8B30017B757 /* AuthorizationApp */,
				3AC1B83B2922A8B30017B757 /* Products */,
				B50B2373B97FC30F9901AD4F /* Pods */,
				5129FEE02137E87838D82A8B /* Frameworks */,
			);
			sourceTree = "<group>";
		};
		3AC1B83B2922A8B30017B757 /* Products */ = {
			isa = PBXGroup;
			children = (
				3AC1B83A2922A8B30017B757 /* AuthorizationApp.app */,
			);
			name = Products;
			sourceTree = "<group>";
		};
		3AC1B83C2922A8B30017B757 /* AuthorizationApp */ = {
			isa = PBXGroup;
			children = (
				3A6445EB296881EF00E60BA8 /* Source */,
				3A610D8D296889620002158C /* Resources */,
			);
			path = AuthorizationApp;
			sourceTree = "<group>";
		};
		3AC4EEDD299C067E00F81679 /* Binding */ = {
			isa = PBXGroup;
			children = (
				3AC4EEDB299C063600F81679 /* Observable .swift */,
			);
			path = Binding;
			sourceTree = "<group>";
		};
		3AD332D829AE2F060010483D /* SessionService */ = {
			isa = PBXGroup;
			children = (
				3AD332D929AE2F1F0010483D /* SessionService.swift */,
			);
			path = SessionService;
			sourceTree = "<group>";
		};
		3AD370DF29C22F1700707B82 /* AuthenticatorService */ = {
			isa = PBXGroup;
			children = (
				3AD370E229C23B7900707B82 /* AuthorizationService.swift */,
			);
			path = AuthenticatorService;
			sourceTree = "<group>";
		};
		3AD3A9202992795A007047E4 /* Login */ = {
			isa = PBXGroup;
			children = (
				3AD3A92229927BD1007047E4 /* LoginViewController.swift */,
			);
			path = Login;
			sourceTree = "<group>";
		};
		3AD74CA429ACB6A9003879AE /* UserDefaults */ = {
			isa = PBXGroup;
			children = (
				3AE667B229AE7D3200EDE6BF /* UserDataService.swift */,
				3AD74CA529ACB6E0003879AE /* UserDefaultsService.swift */,
			);
			path = UserDefaults;
			sourceTree = "<group>";
		};
		3AD74CA929ACBA02003879AE /* Models */ = {
			isa = PBXGroup;
			children = (
				3AD74CAA29ACBA2E003879AE /* Credentials.swift */,
				3AB27FA229E72ABA00B19DDD /* Video.swift */,
			);
			path = Models;
			sourceTree = "<group>";
		};
		3AD8659A29D71C2D0021F440 /* HomeTableViewCell */ = {
			isa = PBXGroup;
			children = (
				3AD8659B29D71C680021F440 /* HomeTableViewCell.swift */,
			);
			path = HomeTableViewCell;
			sourceTree = "<group>";
		};
		3AE667B429B0E26E00EDE6BF /* Profile */ = {
			isa = PBXGroup;
			children = (
				3AE667B729B0E2BF00EDE6BF /* ProfileViewController.swift */,
				3AE667B529B0E2A300EDE6BF /* ProfileViewModel.swift */,
				3AE667B929B0E2CF00EDE6BF /* ProfileAssembly.swift */,
				3AE667BB29B0E7CF00EDE6BF /* ProfileCoordinator.swift */,
			);
			path = Profile;
			sourceTree = "<group>";
		};
		3AF8C173297E8D1200E5CFB3 /* Home */ = {
			isa = PBXGroup;
			children = (
				3AF8C176297EAE6400E5CFB3 /* HomeViewController.swift */,
				3AF8C178297EAE8200E5CFB3 /* HomeViewModel.swift */,
				3AF8C17A297EAE9600E5CFB3 /* HomeAssembly.swift */,
				3AF8C17C297EAEC300E5CFB3 /* HomeCoordinator.swift */,
				3AD8659A29D71C2D0021F440 /* HomeTableViewCell */,
			);
			path = Home;
			sourceTree = "<group>";
		};
		5129FEE02137E87838D82A8B /* Frameworks */ = {
			isa = PBXGroup;
			children = (
				34C37A5B1E6B7C507B991B36 /* Pods_AuthorizationApp.framework */,
			);
			name = Frameworks;
			sourceTree = "<group>";
		};
		B50B2373B97FC30F9901AD4F /* Pods */ = {
			isa = PBXGroup;
			children = (
				27E51FB5CA08460500247BF2 /* Pods-AuthorizationApp.debug.xcconfig */,
				38A29DDFEA6BA33CC421CAEF /* Pods-AuthorizationApp.release.xcconfig */,
			);
			path = Pods;
			sourceTree = "<group>";
		};
/* End PBXGroup section */

/* Begin PBXNativeTarget section */
		3AC1B8392922A8B30017B757 /* AuthorizationApp */ = {
			isa = PBXNativeTarget;
			buildConfigurationList = 3AC1B84E2922A8B50017B757 /* Build configuration list for PBXNativeTarget "AuthorizationApp" */;
			buildPhases = (
				34CE3A61240FA55681D8FFC6 /* [CP] Check Pods Manifest.lock */,
				3A6445EA296880E500E60BA8 /* ShellScript */,
				3AC1B8362922A8B30017B757 /* Sources */,
				3AC1B8372922A8B30017B757 /* Frameworks */,
				3AC1B8382922A8B30017B757 /* Resources */,
				F3E4EA2E185969A607101471 /* [CP] Embed Pods Frameworks */,
			);
			buildRules = (
			);
			dependencies = (
			);
			name = AuthorizationApp;
			packageProductDependencies = (
				3A82162629C24319004E5BE2 /* FirebaseAuth */,
				3A82162829C24319004E5BE2 /* FirebaseDatabase */,
				3A82162A29C24319004E5BE2 /* FirebaseFirestore */,
				3A82162C29C24319004E5BE2 /* FirebaseStorage */,
			);
			productName = AuthorizationApp;
			productReference = 3AC1B83A2922A8B30017B757 /* AuthorizationApp.app */;
			productType = "com.apple.product-type.application";
		};
/* End PBXNativeTarget section */

/* Begin PBXProject section */
		3AC1B8322922A8B30017B757 /* Project object */ = {
			isa = PBXProject;
			attributes = {
				BuildIndependentTargetsInParallel = 1;
				LastSwiftUpdateCheck = 1310;
				LastUpgradeCheck = 1310;
				TargetAttributes = {
					3AC1B8392922A8B30017B757 = {
						CreatedOnToolsVersion = 13.1;
					};
				};
			};
			buildConfigurationList = 3AC1B8352922A8B30017B757 /* Build configuration list for PBXProject "AuthorizationApp" */;
			compatibilityVersion = "Xcode 13.0";
			developmentRegion = en;
			hasScannedForEncodings = 0;
			knownRegions = (
				en,
				Base,
			);
			mainGroup = 3AC1B8312922A8B30017B757;
			packageReferences = (
				3A82162529C24319004E5BE2 /* XCRemoteSwiftPackageReference "firebase-ios-sdk" */,
			);
			productRefGroup = 3AC1B83B2922A8B30017B757 /* Products */;
			projectDirPath = "";
			projectRoot = "";
			targets = (
				3AC1B8392922A8B30017B757 /* AuthorizationApp */,
			);
		};
/* End PBXProject section */

/* Begin PBXResourcesBuildPhase section */
		3AC1B8382922A8B30017B757 /* Resources */ = {
			isa = PBXResourcesBuildPhase;
			buildActionMask = 2147483647;
			files = (
				3AC1B84A2922A8B50017B757 /* LaunchScreen.storyboard in Resources */,
				3A25C1E729CCDC490015FB4D /* background.mp4 in Resources */,
				3AC1B8472922A8B50017B757 /* Assets.xcassets in Resources */,
				3AD370E129C22FD400707B82 /* GoogleService-Info.plist in Resources */,
			);
			runOnlyForDeploymentPostprocessing = 0;
		};
/* End PBXResourcesBuildPhase section */

/* Begin PBXShellScriptBuildPhase section */
		34CE3A61240FA55681D8FFC6 /* [CP] Check Pods Manifest.lock */ = {
			isa = PBXShellScriptBuildPhase;
			buildActionMask = 2147483647;
			files = (
			);
			inputFileListPaths = (
			);
			inputPaths = (
				"${PODS_PODFILE_DIR_PATH}/Podfile.lock",
				"${PODS_ROOT}/Manifest.lock",
			);
			name = "[CP] Check Pods Manifest.lock";
			outputFileListPaths = (
			);
			outputPaths = (
				"$(DERIVED_FILE_DIR)/Pods-AuthorizationApp-checkManifestLockResult.txt",
			);
			runOnlyForDeploymentPostprocessing = 0;
			shellPath = /bin/sh;
			shellScript = "diff \"${PODS_PODFILE_DIR_PATH}/Podfile.lock\" \"${PODS_ROOT}/Manifest.lock\" > /dev/null\nif [ $? != 0 ] ; then\n    # print error to STDERR\n    echo \"error: The sandbox is not in sync with the Podfile.lock. Run 'pod install' or update your CocoaPods installation.\" >&2\n    exit 1\nfi\n# This output is used by Xcode 'outputs' to avoid re-running this script phase.\necho \"SUCCESS\" > \"${SCRIPT_OUTPUT_FILE_0}\"\n";
			showEnvVarsInLog = 0;
		};
		3A6445EA296880E500E60BA8 /* ShellScript */ = {
			isa = PBXShellScriptBuildPhase;
			alwaysOutOfDate = 1;
			buildActionMask = 2147483647;
			files = (
			);
			inputFileListPaths = (
			);
			inputPaths = (
				"$TEMP_DIR/rswift-lastrun",
			);
			outputFileListPaths = (
			);
			outputPaths = (
				$SRCROOT/AuthorizationApp/Source/Generated/R.generated.swift,
			);
			runOnlyForDeploymentPostprocessing = 0;
			shellPath = /bin/sh;
			shellScript = "\"$PODS_ROOT/R.swift/rswift\" generate \"$SRCROOT/AuthorizationApp/Source/Generated/R.generated.swift\"\n";
		};
		F3E4EA2E185969A607101471 /* [CP] Embed Pods Frameworks */ = {
			isa = PBXShellScriptBuildPhase;
			buildActionMask = 2147483647;
			files = (
			);
			inputFileListPaths = (
				"${PODS_ROOT}/Target Support Files/Pods-AuthorizationApp/Pods-AuthorizationApp-frameworks-${CONFIGURATION}-input-files.xcfilelist",
			);
			name = "[CP] Embed Pods Frameworks";
			outputFileListPaths = (
				"${PODS_ROOT}/Target Support Files/Pods-AuthorizationApp/Pods-AuthorizationApp-frameworks-${CONFIGURATION}-output-files.xcfilelist",
			);
			runOnlyForDeploymentPostprocessing = 0;
			shellPath = /bin/sh;
			shellScript = "\"${PODS_ROOT}/Target Support Files/Pods-AuthorizationApp/Pods-AuthorizationApp-frameworks.sh\"\n";
			showEnvVarsInLog = 0;
		};
/* End PBXShellScriptBuildPhase section */

/* Begin PBXSourcesBuildPhase section */
		3AC1B8362922A8B30017B757 /* Sources */ = {
			isa = PBXSourcesBuildPhase;
			buildActionMask = 2147483647;
			files = (
				3AEFC6BC296F4ED40002A496 /* AuthCoordinator.swift in Sources */,
				3AF8C17B297EAE9600E5CFB3 /* HomeAssembly.swift in Sources */,
				3AC1B8422922A8B30017B757 /* AuthViewController.swift in Sources */,
				3A30326629D4B9CA00C493F3 /* VideoType.swift in Sources */,
				3AC4EEDA299BFD0100F81679 /* AuthState.swift in Sources */,
				3A10350C29B5F79A00248275 /* CustomButton.swift in Sources */,
				3A610D95296892480002158C /* FlowAssembly.swift in Sources */,
				3AE667B329AE7D3200EDE6BF /* UserDataService.swift in Sources */,
				3A30325E29D4887B00C493F3 /* BackgroundVideoView.swift in Sources */,
				3AE667B629B0E2A300EDE6BF /* ProfileViewModel.swift in Sources */,
				3A30326029D48EE300C493F3 /* VideoPlayerView.swift in Sources */,
				3AE667BA29B0E2CF00EDE6BF /* ProfileAssembly.swift in Sources */,
				3AC1B83E2922A8B30017B757 /* AppDelegate.swift in Sources */,
				3AD332DA29AE2F1F0010483D /* SessionService.swift in Sources */,
				3AF8C17D297EAEC300E5CFB3 /* HomeCoordinator.swift in Sources */,
				3AEFC6BA296F4EC30002A496 /* AuthAssembly.swift in Sources */,
				3AD370E329C23B7900707B82 /* AuthorizationService.swift in Sources */,
				3A610D97296892560002158C /* ServiceAssembly.swift in Sources */,
				3AB27FA729EEEF6B00B19DDD /* VideoState.swift in Sources */,
				3AD3A9322993E5B7007047E4 /* Route.swift in Sources */,
				3AB27FA329E72ABA00B19DDD /* Video.swift in Sources */,
				3AD3A92329927BD1007047E4 /* LoginViewController.swift in Sources */,
				3AEFC6BE296F57640002A496 /* Coordinator.swift in Sources */,
				3AE667BC29B0E7CF00EDE6BF /* ProfileCoordinator.swift in Sources */,
				3AD74CA629ACB6E0003879AE /* UserDefaultsService.swift in Sources */,
				3AD74CAB29ACBA2E003879AE /* Credentials.swift in Sources */,
				3AF8C179297EAE8200E5CFB3 /* HomeViewModel.swift in Sources */,
				3AC4EEDC299C063600F81679 /* Observable .swift in Sources */,
				3AF8C177297EAE6400E5CFB3 /* HomeViewController.swift in Sources */,
				3AD8659C29D71C680021F440 /* HomeTableViewCell.swift in Sources */,
				3AC2D16129955C49008710BE /* Button.swift in Sources */,
				3AD8659E29D7305E0021F440 /* HomeVideoView.swift in Sources */,
				3AEFC6B8296F4EA20002A496 /* AuthViewModel.swift in Sources */,
				3AE667B829B0E2BF00EDE6BF /* ProfileViewController.swift in Sources */,
				3A610D93296892080002158C /* AppCoordinator.swift in Sources */,
				3A6445EE2968830D00E60BA8 /* R.generated.swift in Sources */,
			);
			runOnlyForDeploymentPostprocessing = 0;
		};
/* End PBXSourcesBuildPhase section */

/* Begin PBXVariantGroup section */
		3AC1B8482922A8B50017B757 /* LaunchScreen.storyboard */ = {
			isa = PBXVariantGroup;
			children = (
				3AC1B8492922A8B50017B757 /* Base */,
			);
			name = LaunchScreen.storyboard;
			sourceTree = "<group>";
		};
/* End PBXVariantGroup section */

/* Begin XCBuildConfiguration section */
		3AC1B84C2922A8B50017B757 /* Debug */ = {
			isa = XCBuildConfiguration;
			buildSettings = {
				ALWAYS_SEARCH_USER_PATHS = NO;
				CLANG_ANALYZER_NONNULL = YES;
				CLANG_ANALYZER_NUMBER_OBJECT_CONVERSION = YES_AGGRESSIVE;
				CLANG_CXX_LANGUAGE_STANDARD = "gnu++17";
				CLANG_CXX_LIBRARY = "libc++";
				CLANG_ENABLE_MODULES = YES;
				CLANG_ENABLE_OBJC_ARC = YES;
				CLANG_ENABLE_OBJC_WEAK = YES;
				CLANG_WARN_BLOCK_CAPTURE_AUTORELEASING = YES;
				CLANG_WARN_BOOL_CONVERSION = YES;
				CLANG_WARN_COMMA = YES;
				CLANG_WARN_CONSTANT_CONVERSION = YES;
				CLANG_WARN_DEPRECATED_OBJC_IMPLEMENTATIONS = YES;
				CLANG_WARN_DIRECT_OBJC_ISA_USAGE = YES_ERROR;
				CLANG_WARN_DOCUMENTATION_COMMENTS = YES;
				CLANG_WARN_EMPTY_BODY = YES;
				CLANG_WARN_ENUM_CONVERSION = YES;
				CLANG_WARN_INFINITE_RECURSION = YES;
				CLANG_WARN_INT_CONVERSION = YES;
				CLANG_WARN_NON_LITERAL_NULL_CONVERSION = YES;
				CLANG_WARN_OBJC_IMPLICIT_RETAIN_SELF = YES;
				CLANG_WARN_OBJC_LITERAL_CONVERSION = YES;
				CLANG_WARN_OBJC_ROOT_CLASS = YES_ERROR;
				CLANG_WARN_QUOTED_INCLUDE_IN_FRAMEWORK_HEADER = YES;
				CLANG_WARN_RANGE_LOOP_ANALYSIS = YES;
				CLANG_WARN_STRICT_PROTOTYPES = YES;
				CLANG_WARN_SUSPICIOUS_MOVE = YES;
				CLANG_WARN_UNGUARDED_AVAILABILITY = YES_AGGRESSIVE;
				CLANG_WARN_UNREACHABLE_CODE = YES;
				CLANG_WARN__DUPLICATE_METHOD_MATCH = YES;
				COPY_PHASE_STRIP = NO;
				DEBUG_INFORMATION_FORMAT = dwarf;
				ENABLE_STRICT_OBJC_MSGSEND = YES;
				ENABLE_TESTABILITY = YES;
				GCC_C_LANGUAGE_STANDARD = gnu11;
				GCC_DYNAMIC_NO_PIC = NO;
				GCC_NO_COMMON_BLOCKS = YES;
				GCC_OPTIMIZATION_LEVEL = 0;
				GCC_PREPROCESSOR_DEFINITIONS = (
					"DEBUG=1",
					"$(inherited)",
				);
				GCC_WARN_64_TO_32_BIT_CONVERSION = YES;
				GCC_WARN_ABOUT_RETURN_TYPE = YES_ERROR;
				GCC_WARN_UNDECLARED_SELECTOR = YES;
				GCC_WARN_UNINITIALIZED_AUTOS = YES_AGGRESSIVE;
				GCC_WARN_UNUSED_FUNCTION = YES;
				GCC_WARN_UNUSED_VARIABLE = YES;
				IPHONEOS_DEPLOYMENT_TARGET = 15.0;
				MTL_ENABLE_DEBUG_INFO = INCLUDE_SOURCE;
				MTL_FAST_MATH = YES;
				ONLY_ACTIVE_ARCH = YES;
				SDKROOT = iphoneos;
				SWIFT_ACTIVE_COMPILATION_CONDITIONS = DEBUG;
				SWIFT_OPTIMIZATION_LEVEL = "-Onone";
			};
			name = Debug;
		};
		3AC1B84D2922A8B50017B757 /* Release */ = {
			isa = XCBuildConfiguration;
			buildSettings = {
				ALWAYS_SEARCH_USER_PATHS = NO;
				CLANG_ANALYZER_NONNULL = YES;
				CLANG_ANALYZER_NUMBER_OBJECT_CONVERSION = YES_AGGRESSIVE;
				CLANG_CXX_LANGUAGE_STANDARD = "gnu++17";
				CLANG_CXX_LIBRARY = "libc++";
				CLANG_ENABLE_MODULES = YES;
				CLANG_ENABLE_OBJC_ARC = YES;
				CLANG_ENABLE_OBJC_WEAK = YES;
				CLANG_WARN_BLOCK_CAPTURE_AUTORELEASING = YES;
				CLANG_WARN_BOOL_CONVERSION = YES;
				CLANG_WARN_COMMA = YES;
				CLANG_WARN_CONSTANT_CONVERSION = YES;
				CLANG_WARN_DEPRECATED_OBJC_IMPLEMENTATIONS = YES;
				CLANG_WARN_DIRECT_OBJC_ISA_USAGE = YES_ERROR;
				CLANG_WARN_DOCUMENTATION_COMMENTS = YES;
				CLANG_WARN_EMPTY_BODY = YES;
				CLANG_WARN_ENUM_CONVERSION = YES;
				CLANG_WARN_INFINITE_RECURSION = YES;
				CLANG_WARN_INT_CONVERSION = YES;
				CLANG_WARN_NON_LITERAL_NULL_CONVERSION = YES;
				CLANG_WARN_OBJC_IMPLICIT_RETAIN_SELF = YES;
				CLANG_WARN_OBJC_LITERAL_CONVERSION = YES;
				CLANG_WARN_OBJC_ROOT_CLASS = YES_ERROR;
				CLANG_WARN_QUOTED_INCLUDE_IN_FRAMEWORK_HEADER = YES;
				CLANG_WARN_RANGE_LOOP_ANALYSIS = YES;
				CLANG_WARN_STRICT_PROTOTYPES = YES;
				CLANG_WARN_SUSPICIOUS_MOVE = YES;
				CLANG_WARN_UNGUARDED_AVAILABILITY = YES_AGGRESSIVE;
				CLANG_WARN_UNREACHABLE_CODE = YES;
				CLANG_WARN__DUPLICATE_METHOD_MATCH = YES;
				COPY_PHASE_STRIP = NO;
				DEBUG_INFORMATION_FORMAT = "dwarf-with-dsym";
				ENABLE_NS_ASSERTIONS = NO;
				ENABLE_STRICT_OBJC_MSGSEND = YES;
				GCC_C_LANGUAGE_STANDARD = gnu11;
				GCC_NO_COMMON_BLOCKS = YES;
				GCC_WARN_64_TO_32_BIT_CONVERSION = YES;
				GCC_WARN_ABOUT_RETURN_TYPE = YES_ERROR;
				GCC_WARN_UNDECLARED_SELECTOR = YES;
				GCC_WARN_UNINITIALIZED_AUTOS = YES_AGGRESSIVE;
				GCC_WARN_UNUSED_FUNCTION = YES;
				GCC_WARN_UNUSED_VARIABLE = YES;
				IPHONEOS_DEPLOYMENT_TARGET = 15.0;
				MTL_ENABLE_DEBUG_INFO = NO;
				MTL_FAST_MATH = YES;
				SDKROOT = iphoneos;
				SWIFT_COMPILATION_MODE = wholemodule;
				SWIFT_OPTIMIZATION_LEVEL = "-O";
				VALIDATE_PRODUCT = YES;
			};
			name = Release;
		};
		3AC1B84F2922A8B50017B757 /* Debug */ = {
			isa = XCBuildConfiguration;
			baseConfigurationReference = 27E51FB5CA08460500247BF2 /* Pods-AuthorizationApp.debug.xcconfig */;
			buildSettings = {
				ASSETCATALOG_COMPILER_APPICON_NAME = AppIcon;
				ASSETCATALOG_COMPILER_GLOBAL_ACCENT_COLOR_NAME = AccentColor;
				CODE_SIGN_IDENTITY = "Apple Development";
				CODE_SIGN_STYLE = Automatic;
				CURRENT_PROJECT_VERSION = 1;
				DEVELOPMENT_TEAM = "";
				GENERATE_INFOPLIST_FILE = YES;
				INFOPLIST_FILE = AuthorizationApp/Info.plist;
				INFOPLIST_KEY_UIApplicationSupportsIndirectInputEvents = YES;
				INFOPLIST_KEY_UILaunchStoryboardName = LaunchScreen;
				INFOPLIST_KEY_UISupportedInterfaceOrientations_iPad = "UIInterfaceOrientationPortrait UIInterfaceOrientationPortraitUpsideDown UIInterfaceOrientationLandscapeLeft UIInterfaceOrientationLandscapeRight";
				INFOPLIST_KEY_UISupportedInterfaceOrientations_iPhone = "UIInterfaceOrientationPortrait UIInterfaceOrientationLandscapeLeft UIInterfaceOrientationLandscapeRight";
				LD_RUNPATH_SEARCH_PATHS = (
					"$(inherited)",
					"@executable_path/Frameworks",
				);
				MARKETING_VERSION = 1.0;
				PRODUCT_BUNDLE_IDENTIFIER = Dmitry.AuthorizationApp;
				PRODUCT_NAME = "$(TARGET_NAME)";
				PROVISIONING_PROFILE_SPECIFIER = "";
				SWIFT_EMIT_LOC_STRINGS = YES;
				SWIFT_VERSION = 5.0;
				TARGETED_DEVICE_FAMILY = "1,2";
			};
			name = Debug;
		};
		3AC1B8502922A8B50017B757 /* Release */ = {
			isa = XCBuildConfiguration;
			baseConfigurationReference = 38A29DDFEA6BA33CC421CAEF /* Pods-AuthorizationApp.release.xcconfig */;
			buildSettings = {
				ASSETCATALOG_COMPILER_APPICON_NAME = AppIcon;
				ASSETCATALOG_COMPILER_GLOBAL_ACCENT_COLOR_NAME = AccentColor;
				CODE_SIGN_IDENTITY = "Apple Development";
				CODE_SIGN_STYLE = Automatic;
				CURRENT_PROJECT_VERSION = 1;
				DEVELOPMENT_TEAM = "";
				GENERATE_INFOPLIST_FILE = YES;
				INFOPLIST_FILE = AuthorizationApp/Info.plist;
				INFOPLIST_KEY_UIApplicationSupportsIndirectInputEvents = YES;
				INFOPLIST_KEY_UILaunchStoryboardName = LaunchScreen;
				INFOPLIST_KEY_UISupportedInterfaceOrientations_iPad = "UIInterfaceOrientationPortrait UIInterfaceOrientationPortraitUpsideDown UIInterfaceOrientationLandscapeLeft UIInterfaceOrientationLandscapeRight";
				INFOPLIST_KEY_UISupportedInterfaceOrientations_iPhone = "UIInterfaceOrientationPortrait UIInterfaceOrientationLandscapeLeft UIInterfaceOrientationLandscapeRight";
				LD_RUNPATH_SEARCH_PATHS = (
					"$(inherited)",
					"@executable_path/Frameworks",
				);
				MARKETING_VERSION = 1.0;
				PRODUCT_BUNDLE_IDENTIFIER = Dmitry.AuthorizationApp;
				PRODUCT_NAME = "$(TARGET_NAME)";
				PROVISIONING_PROFILE_SPECIFIER = "";
				SWIFT_EMIT_LOC_STRINGS = YES;
				SWIFT_VERSION = 5.0;
				TARGETED_DEVICE_FAMILY = "1,2";
			};
			name = Release;
		};
/* End XCBuildConfiguration section */

/* Begin XCConfigurationList section */
		3AC1B8352922A8B30017B757 /* Build configuration list for PBXProject "AuthorizationApp" */ = {
			isa = XCConfigurationList;
			buildConfigurations = (
				3AC1B84C2922A8B50017B757 /* Debug */,
				3AC1B84D2922A8B50017B757 /* Release */,
			);
			defaultConfigurationIsVisible = 0;
			defaultConfigurationName = Release;
		};
		3AC1B84E2922A8B50017B757 /* Build configuration list for PBXNativeTarget "AuthorizationApp" */ = {
			isa = XCConfigurationList;
			buildConfigurations = (
				3AC1B84F2922A8B50017B757 /* Debug */,
				3AC1B8502922A8B50017B757 /* Release */,
			);
			defaultConfigurationIsVisible = 0;
			defaultConfigurationName = Release;
		};
/* End XCConfigurationList section */

/* Begin XCRemoteSwiftPackageReference section */
		3A82162529C24319004E5BE2 /* XCRemoteSwiftPackageReference "firebase-ios-sdk" */ = {
			isa = XCRemoteSwiftPackageReference;
			repositoryURL = "https://github.com/firebase/firebase-ios-sdk";
			requirement = {
				kind = upToNextMajorVersion;
				minimumVersion = 9.0.0;
			};
		};
/* End XCRemoteSwiftPackageReference section */

/* Begin XCSwiftPackageProductDependency section */
		3A82162629C24319004E5BE2 /* FirebaseAuth */ = {
			isa = XCSwiftPackageProductDependency;
			package = 3A82162529C24319004E5BE2 /* XCRemoteSwiftPackageReference "firebase-ios-sdk" */;
			productName = FirebaseAuth;
		};
		3A82162829C24319004E5BE2 /* FirebaseDatabase */ = {
			isa = XCSwiftPackageProductDependency;
			package = 3A82162529C24319004E5BE2 /* XCRemoteSwiftPackageReference "firebase-ios-sdk" */;
			productName = FirebaseDatabase;
		};
		3A82162A29C24319004E5BE2 /* FirebaseFirestore */ = {
			isa = XCSwiftPackageProductDependency;
			package = 3A82162529C24319004E5BE2 /* XCRemoteSwiftPackageReference "firebase-ios-sdk" */;
			productName = FirebaseFirestore;
		};
		3A82162C29C24319004E5BE2 /* FirebaseStorage */ = {
			isa = XCSwiftPackageProductDependency;
			package = 3A82162529C24319004E5BE2 /* XCRemoteSwiftPackageReference "firebase-ios-sdk" */;
			productName = FirebaseStorage;
		};
/* End XCSwiftPackageProductDependency section */
	};
	rootObject = 3AC1B8322922A8B30017B757 /* Project object */;
}
